PODS:
  - ISO8601DateFormatter (0.7)
  - Nimble (0.4.2)
  - TraktModels (0.1.0):
    - ISO8601DateFormatter (~> 0.7)

DEPENDENCIES:
  - Nimble
  - TraktModels (from `../`)

EXTERNAL SOURCES:
  TraktModels:
    :path: ../

SPEC CHECKSUMS:
  ISO8601DateFormatter: ab926648eebe497f4d167c0fd083992f959f1274
  Nimble: 49b7a7da8919f42823d37c6d68cc6d15a7009f32
  TraktModels: bb7f4bbee75805f72747e492d5ca6c9583c1dfcb

COCOAPODS: 0.37.2
